
Microsoft Visual Studio Solution File, Format Version 12.00
# Visual Studio Version 16
VisualStudioVersion = 16.0.29230.47
MinimumVisualStudioVersion = 10.0.40219.1
Project("{FAE04EC0-301F-11D3-BF4B-00C04F79EFBC}") = "LAB_3_Bulygina", "LAB_3_Bulygina\LAB_3_Bulygina.csproj", "{413B3E88-45A1-44F4-8402-99CB6E3E8DCB}"
EndProject
Global
	GlobalSection(SolutionConfigurationPlatforms) = preSolution
		Debug|Any CPU = Debug|Any CPU
		Release|Any CPU = Release|Any CPU
	EndGlobalSection
	GlobalSection(ProjectConfigurationPlatforms) = postSolution
		{413B3E88-45A1-44F4-8402-99CB6E3E8DCB}.Debug|Any CPU.ActiveCfg = Debug|Any CPU
		{413B3E88-45A1-44F4-8402-99CB6E3E8DCB}.Debug|Any CPU.Build.0 = Debug|Any CPU
		{413B3E88-45A1-44F4-8402-99CB6E3E8DCB}.Release|Any CPU.ActiveCfg = Release|Any CPU
		{413B3E88-45A1-44F4-8402-99CB6E3E8DCB}.Release|Any CPU.Build.0 = Release|Any CPU
	EndGlobalSection
	GlobalSection(SolutionProperties) = preSolution
		HideSolutionNode = FALSE
	EndGlobalSection
	GlobalSection(ExtensibilityGlobals) = postSolution
		SolutionGuid = {DF4679F6-6CB5-413D-A68A-D2FDCCDC55BF}
	EndGlobalSection
EndGlobal
